{
  "lockfileVersion": 1,
  "formatVersion": "1",
  "fragments": [
    {
      "id": "agents/_shared/010-tone.md",
      "hash": "sha256-75b3f728099bd4d1a2977ce8828d62668b6e1330d5734302f9ce9272e2606aa6",
      "bytes": 33
    },
    {
      "id": "agents/_shared/020-safety.md",
      "hash": "sha256-35a70d70318002b6b5ae7991a7d3cadf9421286e6345e06b91d5affe15dfb51b",
      "bytes": 24
    },
    {
      "id": "agents/backend/010-role.md",
      "hash": "sha256-a9a938cf0b8b42a969a3f87dd4f8d0bac93e4637a8f6b5db5e62eb36131ee375",
      "bytes": 30
    },
    {
      "id": "agents/backend/020-build.md",
      "hash": "sha256-255f7b9a123cc0c3b03cfbfd084e8cf44ca8b4dc535bccca621d5499583b0410",
      "bytes": 32
    },
    {
      "id": "agents/backend/030-new-a.md",
      "hash": "sha256-66b29722dd08923bdeeb7720a0240798b11614c54199901f9d8d361c7430f09b",
      "bytes": 44
    }
  ],
  "targets": [
    {
      "output": "AGENTS.md",
      "format": "markdown",
      "fragments": [
        "agents/_shared/010-tone.md",
        "agents/_shared/020-safety.md",
        "agents/backend/010-role.md",
        "agents/backend/020-build.md",
        "agents/backend/030-new-a.md"
      ],
      "version": "sha256-d791b5333e5fd4b8e192f7164cec7232f96001aa21cabf8a312821eab90546d9"
    }
  ]
}
