{
  "lockfileVersion": 1,
  "formatVersion": "1",
  "agents": [
    {
      "name": "reviewer",
      "dir": "agents/reviewer",
      "bodyFragments": [
        "agents/reviewer/010-role.md",
        "agents/reviewer/020-criteria.md"
      ],
      "metaHash": "sha256-fff0b40c88b1499c4f5c63fdb9ef305790338e08a3e4ecb75e0d2b29de832d31",
      "version": "sha256-bb4af0e3d84df503a055b58f9fee9efc89a47ec99127686e26ee92670668050e",
      "outputs": [
        {
          "platform": "claude",
          "path": ".claude/agents/reviewer.md",
          "kind": "file",
          "hash": "sha256-048ef6a7a9cac464189b0f36f99510f957dca9f5cc698a87edac51ea6ba41f9f"
        }
      ]
    }
  ],
  "fragments": [
    {
      "id": "_shared/010-tone.md",
      "hash": "sha256-75b3f728099bd4d1a2977ce8828d62668b6e1330d5734302f9ce9272e2606aa6",
      "bytes": 33,
      "tags": []
    },
    {
      "id": "_shared/020-safety.md",
      "hash": "sha256-a20609c4110ef51c517580ef61958f9a48243602895c2388a09f2b85d1285724",
      "bytes": 35,
      "tags": []
    },
    {
      "id": "agents/reviewer/010-role.md",
      "hash": "sha256-06f2a924264f06efc7019b50d242f8035f47332b63d0a9512fbb586a4adf3f8c",
      "bytes": 440,
      "tags": []
    },
    {
      "id": "agents/reviewer/020-criteria.md",
      "hash": "sha256-24af2a7e7d58dd85089c654f6d25f6392b10a460a62f640b2a0498fee205e27f",
      "bytes": 897,
      "tags": []
    }
  ],
  "targets": [
    {
      "output": "AGENTS.md",
      "format": "markdown",
      "fragments": [
        "_shared/010-tone.md",
        "_shared/020-safety.md"
      ],
      "version": "sha256-0cc73f4a8247d5bf3e948faff53e0a56cab02024b08ea3be56f1eb4c4f681e57"
    }
  ]
}
