{
  "lockfileVersion": 1,
  "formatVersion": "1",
  "agents": [],
  "fragments": [
    {
      "id": "_shared/010-tone.md",
      "hash": "sha256-898a25fe06e75996972f9887b8c660ae32662bc83ea9466bd0b5dccf6b0ed666",
      "bytes": 47,
      "tags": []
    },
    {
      "id": "backend/010-role.md",
      "hash": "sha256-f02d85e11b55c47fcbc686a83f507e04d153e3b844d3faa4838a20c0c514c253",
      "bytes": 48,
      "tags": []
    }
  ],
  "targets": [
    {
      "output": "AGENTS.md",
      "format": "markdown",
      "fragments": [
        "_shared/010-tone.md",
        "backend/010-role.md"
      ],
      "version": "sha256-73032ecd06e7c7a0f1d93cc5e8e7e7a64b8208dfa05d74811e1620967c44fe95"
    }
  ]
}
