{
  "lockfileVersion": 1,
  "formatVersion": "1",
  "agents": [
    {
      "name": "adr-writer",
      "dir": "sdlc/adr-writer",
      "bodyFragments": [
        "sdlc/adr-writer/010-role.md",
        "sdlc/adr-writer/020-adrs.md"
      ],
      "metaHash": "sha256-b1ddff4e2ebb050b626cfaa296ed6ed11e2fac610b212772e2c445ead6c3eed5",
      "version": "sha256-53ff2ecf71262fc9b4b6c4fc2c641580b69077bac63eefcce2f16ce45ae81fa1",
      "outputs": [
        {
          "platform": "claude",
          "path": ".claude/agents/adr-writer.md",
          "kind": "file",
          "hash": "sha256-f2d551126871d02a24fb24811ace205f93b008b881693413dca5337e8461b488"
        }
      ]
    },
    {
      "name": "agent-behavior-reviewer",
      "dir": "internal/agent-behavior-reviewer",
      "bodyFragments": [
        "internal/agent-behavior-reviewer/010-role.md",
        "internal/agent-behavior-reviewer/020-internal-coordination.md"
      ],
      "metaHash": "sha256-67d63f827e95cf0a12309d6f9dea30a00155c42bb37a5e7a6063f31277a0202f",
      "version": "sha256-667fda4761fe6aa1cd66c9627650a5890ba4fdacead03dfeaf1696d1ff01272f",
      "outputs": [
        {
          "platform": "claude",
          "path": ".claude/agents/agent-behavior-reviewer.md",
          "kind": "file",
          "hash": "sha256-75cc3bc476c783afb276be5fbd89223d1af0d21238684479db347710d8d99f67"
        }
      ]
    },
    {
      "name": "agent-documentation",
      "dir": "internal/agent-documentation",
      "bodyFragments": [
        "internal/agent-documentation/010-role.md",
        "internal/agent-documentation/020-internal-coordination.md"
      ],
      "metaHash": "sha256-8b171309f4685fe590bb735122c24dffbdc42d82318332ac1fa19f3f1d9741ee",
      "version": "sha256-be5acd537d3fb19b78cb9591d1a05511e6159fad8608d30ddd3b92f5399643ab",
      "outputs": [
        {
          "platform": "claude",
          "path": ".claude/agents/agent-documentation.md",
          "kind": "file",
          "hash": "sha256-6581a49af10d2d938e720c977b32d1a04cf33bd9e7a6a20d35aeff79d7d4eafa"
        }
      ]
    },
    {
      "name": "agent-migration",
      "dir": "internal/agent-migration",
      "bodyFragments": [
        "internal/agent-migration/010-role.md",
        "internal/agent-migration/020-internal-coordination.md"
      ],
      "metaHash": "sha256-3614fb44805cc6c340aab228f37a5241130dc9055ede8a02836e40f22927b76f",
      "version": "sha256-0faf7e74f69d5f4ab0e3330a1169638edd3fbd68c9b519aac40709acbb0875dd",
      "outputs": [
        {
          "platform": "claude",
          "path": ".claude/agents/agent-migration.md",
          "kind": "file",
          "hash": "sha256-d1e318865447b836d6b6b506dd133645a982b52e596dd944849d3cd663a6d57f"
        }
      ]
    },
    {
      "name": "agent-registry",
      "dir": "internal/agent-registry",
      "bodyFragments": [
        "internal/agent-registry/010-role.md",
        "internal/agent-registry/020-internal-coordination.md"
      ],
      "metaHash": "sha256-c3bbfe68448b707b71bf20c6c3e5c0b72bbbefc6825ad4403296df22cd5c8123",
      "version": "sha256-bde9aff0d2271a4ce734d19bffbec1c8946db5dbc8040fdb183b372a30ba1373",
      "outputs": [
        {
          "platform": "claude",
          "path": ".claude/agents/agent-registry.md",
          "kind": "file",
          "hash": "sha256-73270e365f2cd0e1d29d13e3ed9073d5735219b918920262729c8915b9741416"
        }
      ]
    },
    {
      "name": "ambiguity-detector",
      "dir": "sdlc/ambiguity-detector",
      "bodyFragments": [
        "sdlc/ambiguity-detector/010-role.md",
        "sdlc/ambiguity-detector/020-patterns.md"
      ],
      "metaHash": "sha256-f115844d189f05de241c5eb34ca353f7355d44fcf109d19cd7b535f73ee2d706",
      "version": "sha256-8b65d8f352be9e238b7fa442f2caeb6b291333eec9812572ec4a3198d5125153",
      "outputs": [
        {
          "platform": "claude",
          "path": ".claude/agents/ambiguity-detector.md",
          "kind": "file",
          "hash": "sha256-b57ae702b22cca52a774c7b4e1b5c3b6c8e1c9cfc866e3c3b78fec2c2ccf0266"
        }
      ]
    },
    {
      "name": "architecture",
      "dir": "sdlc/architecture",
      "bodyFragments": [
        "sdlc/architecture/010-role.md",
        "sdlc/architecture/020-review.md"
      ],
      "metaHash": "sha256-f8f239bee1c32661ad62d5225972c985ce1b3ff69f1fc86f4a718f00f66daa94",
      "version": "sha256-abce6a530c9313c66859a43b99229d927aa55c6f782e17a7ea250c981224b90f",
      "outputs": [
        {
          "platform": "claude",
          "path": ".claude/agents/architecture.md",
          "kind": "file",
          "hash": "sha256-9d7482bceba1f5aa991c2cdf02f470cff7866e0e62ab47bac5099196e7db1440"
        }
      ]
    },
    {
      "name": "changelog",
      "dir": "release/changelog",
      "bodyFragments": [
        "release/changelog/010-role.md",
        "release/changelog/020-release-workflow.md"
      ],
      "metaHash": "sha256-62d0536d00d48819a050ad57c2dbb71de9fc5a8535269865000589b240ad3431",
      "version": "sha256-04f67562c792e6927385f3d295ebe0481fa8bec8b352f5e01cf8960dd968e0ba",
      "outputs": [
        {
          "platform": "claude",
          "path": ".claude/agents/changelog.md",
          "kind": "file",
          "hash": "sha256-a1dbcb6de65a081f05f270c55404975945f1bd8ccceb873a8c2916292aaa1a3d"
        }
      ]
    },
    {
      "name": "code-review",
      "dir": "sdlc/code-review",
      "bodyFragments": [
        "sdlc/code-review/010-role.md",
        "sdlc/code-review/020-review-guidelines.md"
      ],
      "metaHash": "sha256-69f925d681016cb180fecfa197772910467f841ebf6176652f116bd8058c3e5a",
      "version": "sha256-70ae3c64a9e12a943ddc3af397aea2f81a956233c2e93fa9f018d217b67d90d7",
      "outputs": [
        {
          "platform": "claude",
          "path": ".claude/agents/code-review.md",
          "kind": "file",
          "hash": "sha256-d2dcc4f08bcee364a34db1a8ce44cd1d4d6b14758f86923067e75d384967f26f"
        }
      ]
    },
    {
      "name": "compatibility-test",
      "dir": "stlc/compatibility-test",
      "bodyFragments": [
        "stlc/compatibility-test/010-role.md",
        "stlc/compatibility-test/020-stlc-workflow.md"
      ],
      "metaHash": "sha256-8f07f5c3153e55a9cb184e996d40305f06a4cbb1c6cf88e636db8376b69a9144",
      "version": "sha256-684077d7bc2a968420bd8747810002c71503cce8bc84f1a273a7c963a23228dd",
      "outputs": [
        {
          "platform": "claude",
          "path": ".claude/agents/compatibility-test.md",
          "kind": "file",
          "hash": "sha256-f1d691f04192e197306fe9dcb4ec39bb35a432851a120872470461c0f068912f"
        }
      ]
    },
    {
      "name": "conflict-detector",
      "dir": "internal/conflict-detector",
      "bodyFragments": [
        "internal/conflict-detector/010-role.md",
        "internal/conflict-detector/020-internal-coordination.md"
      ],
      "metaHash": "sha256-135b0d91fd7b5c3b0d25336c0cb04a85c73607b53d84c0bca4a808081fa2468d",
      "version": "sha256-ad40d1be8e56ff784970890f2e7eb25470657059f0133d2a6c6a22ca676a3e6e",
      "outputs": [
        {
          "platform": "claude",
          "path": ".claude/agents/conflict-detector.md",
          "kind": "file",
          "hash": "sha256-b97c4457e0815ca8661d3a155e2a7dfe67a7e3038f553433dd85df671b09703a"
        }
      ]
    },
    {
      "name": "defect-triage",
      "dir": "stlc/defect-triage",
      "bodyFragments": [
        "stlc/defect-triage/010-role.md",
        "stlc/defect-triage/020-stlc-workflow.md"
      ],
      "metaHash": "sha256-ef88e8b8eef28c78a2cead79f76bf0768151d07b9048051cfe4a713aa739111d",
      "version": "sha256-1de6eb4ae908c035f31164dec31000efadf7e1d36e88773417bb126a13aafe49",
      "outputs": [
        {
          "platform": "claude",
          "path": ".claude/agents/defect-triage.md",
          "kind": "file",
          "hash": "sha256-8d8b632d4657cfa857b16fd1db3fc89c0e3ec09ad157f9716546b00bbdedac6c"
        }
      ]
    },
    {
      "name": "definition-architect",
      "dir": "internal/definition-architect",
      "bodyFragments": [
        "internal/definition-architect/010-role.md",
        "internal/definition-architect/020-internal-coordination.md"
      ],
      "metaHash": "sha256-2c8379e603e80c8587fc9394591490e4775a9ad12bd4ffd7385ee3e59e9bfc93",
      "version": "sha256-48885c124f0451dbaef0492e51a700f0ed9e6587ecd94b4c246a944976b85fb4",
      "outputs": [
        {
          "platform": "claude",
          "path": ".claude/agents/definition-architect.md",
          "kind": "file",
          "hash": "sha256-75121047bc47e2613107bee8833cdaa882dab2627143b0badeefedc736458687"
        }
      ]
    },
    {
      "name": "developer-experience",
      "dir": "sdlc/developer-experience",
      "bodyFragments": [
        "sdlc/developer-experience/010-role.md",
        "sdlc/developer-experience/020-sdlc-workflow.md"
      ],
      "metaHash": "sha256-76c09096665467b0e68dc4741d25f398e723891aa89c551eb5344fe85559b0cc",
      "version": "sha256-f8a5f949034798273f5f10950706c8a657d7227ed56671c037e4df7ff8f0ce5b",
      "outputs": [
        {
          "platform": "claude",
          "path": ".claude/agents/developer-experience.md",
          "kind": "file",
          "hash": "sha256-db0bfb80f869a9e3fef4a663dde15b9bc471c4a572cdd9daf673b8f471bf613e"
        }
      ]
    },
    {
      "name": "documentation",
      "dir": "sdlc/documentation",
      "bodyFragments": [
        "sdlc/documentation/010-role.md",
        "sdlc/documentation/020-sdlc-workflow.md"
      ],
      "metaHash": "sha256-8f17433ac3051f86e02296b505d845be507c7b94b7052e22be9c3e1a4850a16e",
      "version": "sha256-41e12055d20225f47d981655637ea83f627963b29e2cced3b737f15ebfc83822",
      "outputs": [
        {
          "platform": "claude",
          "path": ".claude/agents/documentation.md",
          "kind": "file",
          "hash": "sha256-184eb4119681da5d7422984065fe5491f81ce23fa6f44a41f1618619c45bd085"
        }
      ]
    },
    {
      "name": "eval-designer",
      "dir": "stlc/eval-designer",
      "bodyFragments": [
        "stlc/eval-designer/010-role.md",
        "stlc/eval-designer/020-eval-workflow.md"
      ],
      "metaHash": "sha256-4535b2d9a8a09dfa3d836f44032f6ede4c79df27e81e3524c4d11c052d896c1a",
      "version": "sha256-5a1f64d3b228cfae9c744b31ad021aea98ef8836f7f37cc3a54d92d0525d5272",
      "outputs": [
        {
          "platform": "claude",
          "path": ".claude/agents/eval-designer.md",
          "kind": "file",
          "hash": "sha256-d41cbf8caef7021143eae8c444b700e84258df047dcfe1768f165ab2fbd134e5"
        }
      ]
    },
    {
      "name": "evidence-collector",
      "dir": "release/evidence-collector",
      "bodyFragments": [
        "release/evidence-collector/010-role.md",
        "release/evidence-collector/020-release-workflow.md"
      ],
      "metaHash": "sha256-c92778233322bf81fd5605c6fbb8675045a98a23cc43e668cdc261cb5eb8c79c",
      "version": "sha256-e95fceea5fdf6ab4e30cc14449a4f47bcc728472c306b5bb9fa4f08c47ab30ea",
      "outputs": [
        {
          "platform": "claude",
          "path": ".claude/agents/evidence-collector.md",
          "kind": "file",
          "hash": "sha256-d8fee44497bb0a54a8eda838c65270bc3d8c5c2a078ff405240da380029aa621"
        }
      ]
    },
    {
      "name": "gatekeeper",
      "dir": "governance/gatekeeper",
      "bodyFragments": [
        "governance/gatekeeper/010-role.md",
        "governance/gatekeeper/020-governance-workflow.md"
      ],
      "metaHash": "sha256-884df834d30a3461457b63d48e5f6cbea1ae921198a8dc5b46de6524583a0d2d",
      "version": "sha256-757aef141ab447ef36dd9a66776f1c21509a26a80745bff00ccd3e3927b6272c",
      "outputs": [
        {
          "platform": "claude",
          "path": ".claude/agents/gatekeeper.md",
          "kind": "file",
          "hash": "sha256-2ada470d4085357098bfe202c12bcf7249a898f5147c98210b8cb33069e26e41"
        }
      ]
    },
    {
      "name": "golden-file-test",
      "dir": "stlc/golden-file-test",
      "bodyFragments": [
        "stlc/golden-file-test/010-role.md",
        "stlc/golden-file-test/020-workflow.md"
      ],
      "metaHash": "sha256-cbbd0e4235026bce9959f75d6c6d084034eb975dfe691cbc1a4627a69796cd7c",
      "version": "sha256-3411c12a9fdc1b59b041a5cc8951e665c7888a9c98b667fef27edf03d6d16f64",
      "outputs": [
        {
          "platform": "claude",
          "path": ".claude/agents/golden-file-test.md",
          "kind": "file",
          "hash": "sha256-396a393ec14349ddd221e0af3cc74952ade9f46e1abfc7b18af7abe40cb20085"
        }
      ]
    },
    {
      "name": "implementation-planning",
      "dir": "sdlc/implementation-planning",
      "bodyFragments": [
        "sdlc/implementation-planning/010-role.md",
        "sdlc/implementation-planning/020-sdlc-workflow.md"
      ],
      "metaHash": "sha256-1df870509239ef44c24c6d7b681e4c3c6cb4c631d4e5be1ef13f7d3d00c7d84e",
      "version": "sha256-7151e2df659bda5b23e5bf7f88255ecf760f37c6941b1c8cdac656c43514323f",
      "outputs": [
        {
          "platform": "claude",
          "path": ".claude/agents/implementation-planning.md",
          "kind": "file",
          "hash": "sha256-4d385c1613681b9f0e4f4e4e99bbb233bcaf52b9d192fb4dad537825d5200e70"
        }
      ]
    },
    {
      "name": "instruction-block-author",
      "dir": "internal/instruction-block-author",
      "bodyFragments": [
        "internal/instruction-block-author/010-role.md",
        "internal/instruction-block-author/020-internal-coordination.md"
      ],
      "metaHash": "sha256-04f66f2ee9f5f6b354d486da86ae90bffcc80f5f908a789d932e4f0b44301368",
      "version": "sha256-71a74a96888720304b090a87ad48fffe0223afef48cbcb91aa38f4f1ba0b0ce8",
      "outputs": [
        {
          "platform": "claude",
          "path": ".claude/agents/instruction-block-author.md",
          "kind": "file",
          "hash": "sha256-9d5541f9a358c3383269caa75991dd4fb7df82a8c25c092c50da7f6e5326e012"
        }
      ]
    },
    {
      "name": "instruction-refactoring",
      "dir": "internal/instruction-refactoring",
      "bodyFragments": [
        "internal/instruction-refactoring/010-role.md",
        "internal/instruction-refactoring/020-internal-coordination.md"
      ],
      "metaHash": "sha256-8b7f74a0cf2042aa7f86095c4aac3e4750a6a97ae2a2e7a7c19928c0caf26d38",
      "version": "sha256-7aebde3bf3cc6d05df4449f59ed49e5ed3a3b7bfa01fd31201512df556fd7257",
      "outputs": [
        {
          "platform": "claude",
          "path": ".claude/agents/instruction-refactoring.md",
          "kind": "file",
          "hash": "sha256-362613960c6b6a675a5cb0bf6893924f44377825940ecbae7b75fccf7c2fda01"
        }
      ]
    },
    {
      "name": "main-orchestrator",
      "dir": "internal/main-orchestrator",
      "bodyFragments": [
        "internal/main-orchestrator/010-role.md",
        "internal/main-orchestrator/020-internal-coordination.md"
      ],
      "metaHash": "sha256-6fa6aba0b131e6e8db800afd41c4868344bf5b13c6c3ae797e95d07c89185f8d",
      "version": "sha256-a58879ce8b0204b968538e756e6f1af63deca1a77ee2cbbba489d7a4f7b95bb2",
      "outputs": [
        {
          "platform": "claude",
          "path": ".claude/agents/main-orchestrator.md",
          "kind": "file",
          "hash": "sha256-f51e82eb7531edced74270b6606e9e43742500670a2371b367a2719c621eb3b4"
        }
      ]
    },
    {
      "name": "migration-guide",
      "dir": "release/migration-guide",
      "bodyFragments": [
        "release/migration-guide/010-role.md",
        "release/migration-guide/020-release-workflow.md"
      ],
      "metaHash": "sha256-b9264b6e8a6944df70ef08876e4c5bd663df3352e5526c93925ace2267eca2e8",
      "version": "sha256-ff5327d8e9a760046d470ade06a991e3b03252b6c420f247267656db08cd999b",
      "outputs": [
        {
          "platform": "claude",
          "path": ".claude/agents/migration-guide.md",
          "kind": "file",
          "hash": "sha256-69e50d4141f40f4e747e1fcb3e54826e8225eab2c888361558b27983f17b0ea6"
        }
      ]
    },
    {
      "name": "performance-test",
      "dir": "stlc/performance-test",
      "bodyFragments": [
        "stlc/performance-test/010-role.md",
        "stlc/performance-test/020-stlc-workflow.md"
      ],
      "metaHash": "sha256-dfc6eff0e8f55bb3b514317c231a4583d56cb21ce1079ab5634905715b5a918f",
      "version": "sha256-8421bf8bc6d945a1730b8a0178ece4e02d914c0d0a0abe48dce2b073f90c4cfd",
      "outputs": [
        {
          "platform": "claude",
          "path": ".claude/agents/performance-test.md",
          "kind": "file",
          "hash": "sha256-ea43d51f280952dfbd91b4aef865f99a107134b6b28b8d413a2f8af0b0f934a0"
        }
      ]
    },
    {
      "name": "policy-compliance",
      "dir": "governance/policy-compliance",
      "bodyFragments": [
        "governance/policy-compliance/010-role.md",
        "governance/policy-compliance/020-governance-workflow.md"
      ],
      "metaHash": "sha256-87f4a8fcfab3c0c789e93b2a81d456d22293273545e57c1f784716e47c2344b1",
      "version": "sha256-533fa4883af735a4419ea2cc0bcb6d4c308f052091ea718302c81cc35ae20494",
      "outputs": [
        {
          "platform": "claude",
          "path": ".claude/agents/policy-compliance.md",
          "kind": "file",
          "hash": "sha256-3555af1ad918968763440d72f8d9f02121308d40e2fd16fba552fb26add84085"
        }
      ]
    },
    {
      "name": "post-release-review",
      "dir": "release/post-release-review",
      "bodyFragments": [
        "release/post-release-review/010-role.md",
        "release/post-release-review/020-release-workflow.md"
      ],
      "metaHash": "sha256-d13dc79dcbc2118be9151937ca9a20be4bf1b5477ce6675f9d2a69fcc3dbd137",
      "version": "sha256-ceab99b6ee7fd97b90098260e80f274673ab853e13a054a13cb98b06d4c20a96",
      "outputs": [
        {
          "platform": "claude",
          "path": ".claude/agents/post-release-review.md",
          "kind": "file",
          "hash": "sha256-df23f40a704b45f0253eb212e5567495ec524101e9c97079db42a0fcb29f4ed6"
        }
      ]
    },
    {
      "name": "product-discovery",
      "dir": "sdlc/product-discovery",
      "bodyFragments": [
        "sdlc/product-discovery/010-role.md",
        "sdlc/product-discovery/020-triage-workflow.md"
      ],
      "metaHash": "sha256-8af5405b14260f87e535fc9684400c60bf27b2053f438fcee17edbe85807bb70",
      "version": "sha256-19a76fb01b38ac76f741a46e309d6ffe7c7fffef98ef8aab592d2ba2135a0110",
      "outputs": [
        {
          "platform": "claude",
          "path": ".claude/agents/product-discovery.md",
          "kind": "file",
          "hash": "sha256-54cd61472b7e9237f73a4942b3622fea96a1ef508b1a2a182dc484d0fac5bf41"
        }
      ]
    },
    {
      "name": "prompt-compiler-guardian",
      "dir": "internal/prompt-compiler-guardian",
      "bodyFragments": [
        "internal/prompt-compiler-guardian/010-role.md",
        "internal/prompt-compiler-guardian/020-internal-coordination.md"
      ],
      "metaHash": "sha256-2d6ff3c8cac5968d7f28c07ecea80ef1cdd73e37bb40be2ca018916d95d7b3c5",
      "version": "sha256-62e0f05dc8a2b634cd5af0381dc7f2d98b40b1420e7508fa1739fa54b9c3301d",
      "outputs": [
        {
          "platform": "claude",
          "path": ".claude/agents/prompt-compiler-guardian.md",
          "kind": "file",
          "hash": "sha256-2d37ef09d27b98236244a6aa0086fb989b0b0ac3bb0d8f9c4cfcf2e8456fbd35"
        }
      ]
    },
    {
      "name": "prompt-injection-test",
      "dir": "governance/prompt-injection-test",
      "bodyFragments": [
        "governance/prompt-injection-test/010-role.md",
        "governance/prompt-injection-test/020-governance-workflow.md"
      ],
      "metaHash": "sha256-38f0cbd171d4e24a6956e24799621394ff8e87d17f8cdbcf80327db2c3eaf4f5",
      "version": "sha256-0e72563ec244e0641b9395675f837bc7058d7ac15b5f32c8ecae5e1f53b01d1a",
      "outputs": [
        {
          "platform": "claude",
          "path": ".claude/agents/prompt-injection-test.md",
          "kind": "file",
          "hash": "sha256-b498b0ad41e28837bea20936c63ccf9aaa78f455ebb4e0db7338bd31113486eb"
        }
      ]
    },
    {
      "name": "qa-strategy",
      "dir": "stlc/qa-strategy",
      "bodyFragments": [
        "stlc/qa-strategy/010-role.md",
        "stlc/qa-strategy/020-stlc-workflow.md"
      ],
      "metaHash": "sha256-c59b588b0a657274232fd2c4957f9dea546234d9046a7ce33c9d84ccf565058c",
      "version": "sha256-74baa1790fff6d7ed388783e93d02ed3a587476f7571bfb2826976a1c23fc824",
      "outputs": [
        {
          "platform": "claude",
          "path": ".claude/agents/qa-strategy.md",
          "kind": "file",
          "hash": "sha256-487475c47e8adc13a4e25d267736b2d1379cd2cf28d458c2645ec423a8151ff9"
        }
      ]
    },
    {
      "name": "regression-scope",
      "dir": "stlc/regression-scope",
      "bodyFragments": [
        "stlc/regression-scope/010-role.md",
        "stlc/regression-scope/020-stlc-workflow.md"
      ],
      "metaHash": "sha256-9571f39fb0c853521fd00e92d06d933182dd603b4a1ae5ca422c2c72d25e2978",
      "version": "sha256-51ad8ebe198ea9a38505df7bc6e279cefb58e971ed2df548ac38631c6232fcb7",
      "outputs": [
        {
          "platform": "claude",
          "path": ".claude/agents/regression-scope.md",
          "kind": "file",
          "hash": "sha256-a265fdd22cdc2730eb2d710428be54d55e196f6e2f9f5ab708b3442445745416"
        }
      ]
    },
    {
      "name": "release-manager",
      "dir": "release/release-manager",
      "bodyFragments": [
        "release/release-manager/010-role.md",
        "release/release-manager/020-release-workflow.md"
      ],
      "metaHash": "sha256-ec51aa3736b2cbab924dd2fcc3d977f24f1cb1aba8d27fb4be156d8a709b2187",
      "version": "sha256-66a101e6140f4b47f85955e5346e7476e1719734550be37aa738e9af026faf83",
      "outputs": [
        {
          "platform": "claude",
          "path": ".claude/agents/release-manager.md",
          "kind": "file",
          "hash": "sha256-155e6e99a289c82c994703a5d06b5410c158bb19ec3c798093a016b8562bf7b2"
        }
      ]
    },
    {
      "name": "requirements-analyst",
      "dir": "sdlc/requirements-analyst",
      "bodyFragments": [
        "sdlc/requirements-analyst/010-role.md",
        "sdlc/requirements-analyst/020-validation.md"
      ],
      "metaHash": "sha256-164bce9de83109b19deea594c1bb230fe18c82bd02b99233436960000c58ada8",
      "version": "sha256-d63e405536571dc8cce095a7d2c031b055dc80309343e5f3d1f024d3fc2cbd66",
      "outputs": [
        {
          "platform": "claude",
          "path": ".claude/agents/requirements-analyst.md",
          "kind": "file",
          "hash": "sha256-3598ab5228ffe3fde520bb73d5484e3a742ba3faadf0bd65a59e791663e5972e"
        }
      ]
    },
    {
      "name": "risk-register",
      "dir": "governance/risk-register",
      "bodyFragments": [
        "governance/risk-register/010-role.md",
        "governance/risk-register/020-risk-classification.md"
      ],
      "metaHash": "sha256-f754afa305b3456ad06f134976405b104d2625af2b71210b21106b5163477ff2",
      "version": "sha256-129906a2648d19676d0bb12da35b272f67fdd968dd5c5e0334f16349189f4e63",
      "outputs": [
        {
          "platform": "claude",
          "path": ".claude/agents/risk-register.md",
          "kind": "file",
          "hash": "sha256-083687153439c49d4305fcca40de56bbe22e613e5f01dc1edcbbd3e858a56d33"
        }
      ]
    },
    {
      "name": "schema-design",
      "dir": "sdlc/schema-design",
      "bodyFragments": [
        "sdlc/schema-design/010-role.md",
        "sdlc/schema-design/020-validation.md"
      ],
      "metaHash": "sha256-cadccc9f0b1a2fcdc0fe6076f4b41e476578dd42ddd935ace7bd88e08ec18d35",
      "version": "sha256-73e43c6e7a1cd1f6742331f8e057489050603e2aa2db48affe0e47ef41faf47f",
      "outputs": [
        {
          "platform": "claude",
          "path": ".claude/agents/schema-design.md",
          "kind": "file",
          "hash": "sha256-925b242ca3a4e30c18b7a16ce1604704bf78daccb996e7aa421208f5cb6c7730"
        }
      ]
    },
    {
      "name": "secret-leakage-detection",
      "dir": "governance/secret-leakage-detection",
      "bodyFragments": [
        "governance/secret-leakage-detection/010-role.md",
        "governance/secret-leakage-detection/020-patterns.md"
      ],
      "metaHash": "sha256-52b102d84f308eea3c7cd251ce9c07bc1f074716edca32746aedcf097ab81ff6",
      "version": "sha256-b69d76a28905bf9ff928036598f5f256da58f0d58430b2bea2e320a360634f19",
      "outputs": [
        {
          "platform": "claude",
          "path": ".claude/agents/secret-leakage-detection.md",
          "kind": "file",
          "hash": "sha256-e7cbb3b9745d7023007f87275eba86622dfc851c1080aec26e8bac4fbe703ba1"
        }
      ]
    },
    {
      "name": "security-review",
      "dir": "governance/security-review",
      "bodyFragments": [
        "governance/security-review/010-role.md",
        "governance/security-review/020-threat-assessment.md"
      ],
      "metaHash": "sha256-5555c42229ade6c8376350596239cfbb2c0d17249b440b54d94307028fe9d611",
      "version": "sha256-4887ed454befe9b57817120601b4c0651d1d3e075a5e090340716ff38b164449",
      "outputs": [
        {
          "platform": "claude",
          "path": ".claude/agents/security-review.md",
          "kind": "file",
          "hash": "sha256-f966b26ecc02b78a2609d974cd0efd9ca828f6e7c36f15e82835e5706a12eb54"
        }
      ]
    },
    {
      "name": "semantic-regression",
      "dir": "stlc/semantic-regression",
      "bodyFragments": [
        "stlc/semantic-regression/010-role.md",
        "stlc/semantic-regression/020-detection.md"
      ],
      "metaHash": "sha256-90b29dece1359614573f0ac1e849d78bfe18f1fd35176e19290cff024bb8bb55",
      "version": "sha256-9783fe11c49f761e00c52e3c5f44dce8443ecb67aa57780cbeb2cfb139a58aaf",
      "outputs": [
        {
          "platform": "claude",
          "path": ".claude/agents/semantic-regression.md",
          "kind": "file",
          "hash": "sha256-663968cd6259b8b79d97d3ef69c413c95e9eeda4861f3befa62426f1b5262b4c"
        }
      ]
    },
    {
      "name": "supply-chain-risk",
      "dir": "governance/supply-chain-risk",
      "bodyFragments": [
        "governance/supply-chain-risk/010-role.md",
        "governance/supply-chain-risk/020-governance-workflow.md"
      ],
      "metaHash": "sha256-a7fb48310cefb603fa0620773e2769943a56a0274662d0934be158162b6d0a79",
      "version": "sha256-7967bf7597c00b91f12a941da8e9dac328c362904015fd8a6319f8118bcf0041",
      "outputs": [
        {
          "platform": "claude",
          "path": ".claude/agents/supply-chain-risk.md",
          "kind": "file",
          "hash": "sha256-cddf0552885e8c615cd95ce9475e88d2c6f627eb5d197f00679fcfff37b47592"
        }
      ]
    },
    {
      "name": "test-automation",
      "dir": "stlc/test-automation",
      "bodyFragments": [
        "stlc/test-automation/010-role.md",
        "stlc/test-automation/020-stlc-workflow.md"
      ],
      "metaHash": "sha256-b60d3ce53960087138c0c36012b7310d0757ee32a0a56ef46bd26101c1277482",
      "version": "sha256-f641521aa3bd1f5fa63c109a4ce97b2a9e3321181f9dc89e706229727d629bbe",
      "outputs": [
        {
          "platform": "claude",
          "path": ".claude/agents/test-automation.md",
          "kind": "file",
          "hash": "sha256-eac1e44817b864874c4c21308d1a85fb4e05872af1fe9e869c6d614dea314645"
        }
      ]
    },
    {
      "name": "test-design",
      "dir": "stlc/test-design",
      "bodyFragments": [
        "stlc/test-design/010-role.md",
        "stlc/test-design/020-stlc-workflow.md"
      ],
      "metaHash": "sha256-b0d19b0fd93eb06bf5b391842f6b81176e1d95c293babef3cee962e91f65ad7c",
      "version": "sha256-4a2017a9e9bca240da57b7b4e01f69d84a1a9c09e1e5013b422c70e16d9a7e8c",
      "outputs": [
        {
          "platform": "claude",
          "path": ".claude/agents/test-design.md",
          "kind": "file",
          "hash": "sha256-e6d2e7b67772a4c476cfd392847e7fc8e5c5b591739b0ddba5be98c1965f4e94"
        }
      ]
    },
    {
      "name": "traceability",
      "dir": "governance/traceability",
      "bodyFragments": [
        "governance/traceability/010-role.md",
        "governance/traceability/020-governance-workflow.md"
      ],
      "metaHash": "sha256-c6efa2b4d7f9ea4515d7a8a749f9331998d0ac84ab01a91beff9643c1bed9d7c",
      "version": "sha256-fe370f9cbde683f8d4e5775a45af6387641a6f62c55dc50c10faa9cc93ccda1a",
      "outputs": [
        {
          "platform": "claude",
          "path": ".claude/agents/traceability.md",
          "kind": "file",
          "hash": "sha256-f4e1e80a53877f476f7e5e9d93ed62af65fcca5ddbbd1700512ddc44bb10b5f7"
        }
      ]
    },
    {
      "name": "versioning",
      "dir": "release/versioning",
      "bodyFragments": [
        "release/versioning/010-role.md",
        "release/versioning/020-release-workflow.md"
      ],
      "metaHash": "sha256-45a9acd80d2ede3d53eab3c42151e7372749ed17d8ed197fb8ff8cadb25bbe39",
      "version": "sha256-fa6ae55190e8679fd6446a3fc58701d789833ee65dc36e27a2e35d5a46a5b69d",
      "outputs": [
        {
          "platform": "claude",
          "path": ".claude/agents/versioning.md",
          "kind": "file",
          "hash": "sha256-a96ff8517b7bfe55cc8f938e83319ad01aee95bf9fc332be751d0485ede6c2b4"
        }
      ]
    }
  ],
  "fragments": [
    {
      "id": "governance/gatekeeper/010-role.md",
      "hash": "sha256-e77c615f390be035f953120e05496c12db75bf0a7a01c971135b9584cbd0a348",
      "bytes": 865,
      "tags": []
    },
    {
      "id": "governance/gatekeeper/020-governance-workflow.md",
      "hash": "sha256-9c5101a3aaefcee9fa71c5f25972161a997d07b7bf6cd409b21c0b15958fb6fb",
      "bytes": 862,
      "tags": []
    },
    {
      "id": "governance/policy-compliance/010-role.md",
      "hash": "sha256-b9ab9cd0a16ee7622fb3ac47457b7165a916752767c5a7117e475b0461919ed8",
      "bytes": 872,
      "tags": []
    },
    {
      "id": "governance/policy-compliance/020-governance-workflow.md",
      "hash": "sha256-9c5101a3aaefcee9fa71c5f25972161a997d07b7bf6cd409b21c0b15958fb6fb",
      "bytes": 862,
      "tags": []
    },
    {
      "id": "governance/prompt-injection-test/010-role.md",
      "hash": "sha256-67377a28dfd7a3ceed81a517e1c6dfb32e895dbb581f246a7cc04626a24980f6",
      "bytes": 892,
      "tags": []
    },
    {
      "id": "governance/prompt-injection-test/020-governance-workflow.md",
      "hash": "sha256-9c5101a3aaefcee9fa71c5f25972161a997d07b7bf6cd409b21c0b15958fb6fb",
      "bytes": 862,
      "tags": []
    },
    {
      "id": "governance/risk-register/010-role.md",
      "hash": "sha256-c354b115e81ae48aec2cd585529fa7f8ed2d702284ca63294a532b817c3d40f4",
      "bytes": 1848,
      "tags": []
    },
    {
      "id": "governance/risk-register/020-risk-classification.md",
      "hash": "sha256-40d75028314706944170b95106d54eab277f0edbab0e891e93f9f8720c9a9efe",
      "bytes": 2697,
      "tags": []
    },
    {
      "id": "governance/secret-leakage-detection/010-role.md",
      "hash": "sha256-0bf4932d5766282d4ef85917fbc048f0774aa64e236c90e3258feed1ec052b29",
      "bytes": 246,
      "tags": []
    },
    {
      "id": "governance/secret-leakage-detection/020-patterns.md",
      "hash": "sha256-4a22c0c25d684ea9bb54d3acc7ec22ff17a1f957297eb103a4d6118686a7b45a",
      "bytes": 509,
      "tags": []
    },
    {
      "id": "governance/security-review/010-role.md",
      "hash": "sha256-bfc767dd5de77cde59347e57a0b4aec931826296adb21d9161d30aa9f57de2c7",
      "bytes": 1539,
      "tags": []
    },
    {
      "id": "governance/security-review/020-threat-assessment.md",
      "hash": "sha256-41af9bf32573ebc31b4380611d45df3f44bb18cfb196e955eeb024c3e53d17c0",
      "bytes": 2336,
      "tags": []
    },
    {
      "id": "governance/supply-chain-risk/010-role.md",
      "hash": "sha256-9b1f3f84b55666f56f724e050e2b4b07e91b89ff8e5f15bc57142c6d0e84b0fe",
      "bytes": 880,
      "tags": []
    },
    {
      "id": "governance/supply-chain-risk/020-governance-workflow.md",
      "hash": "sha256-9c5101a3aaefcee9fa71c5f25972161a997d07b7bf6cd409b21c0b15958fb6fb",
      "bytes": 862,
      "tags": []
    },
    {
      "id": "governance/traceability/010-role.md",
      "hash": "sha256-c71be7743e4a4da0a97114d95f2aa82ab96159fc7accd40802e9698201a00007",
      "bytes": 880,
      "tags": []
    },
    {
      "id": "governance/traceability/020-governance-workflow.md",
      "hash": "sha256-9c5101a3aaefcee9fa71c5f25972161a997d07b7bf6cd409b21c0b15958fb6fb",
      "bytes": 862,
      "tags": []
    },
    {
      "id": "internal/agent-behavior-reviewer/010-role.md",
      "hash": "sha256-e720d1e9570ae041caf09a75dd3440aebc7a260880bfd223f59cc3082d5040a8",
      "bytes": 889,
      "tags": []
    },
    {
      "id": "internal/agent-behavior-reviewer/020-internal-coordination.md",
      "hash": "sha256-ef5ff96b848dfd3964061172f847fc75106d9a0f4924f1e7ebab09fc455da358",
      "bytes": 1038,
      "tags": []
    },
    {
      "id": "internal/agent-documentation/010-role.md",
      "hash": "sha256-15b35b77c7807ad867a775c2c3aa71bd49c80ac4d7c55dc9e8e420f736d5fdce",
      "bytes": 879,
      "tags": []
    },
    {
      "id": "internal/agent-documentation/020-internal-coordination.md",
      "hash": "sha256-ef5ff96b848dfd3964061172f847fc75106d9a0f4924f1e7ebab09fc455da358",
      "bytes": 1038,
      "tags": []
    },
    {
      "id": "internal/agent-migration/010-role.md",
      "hash": "sha256-6ae01894f38b342c5b2f9c5d69147583fa76e8b00d5bb1c7a030b2766e53149c",
      "bytes": 884,
      "tags": []
    },
    {
      "id": "internal/agent-migration/020-internal-coordination.md",
      "hash": "sha256-ef5ff96b848dfd3964061172f847fc75106d9a0f4924f1e7ebab09fc455da358",
      "bytes": 1038,
      "tags": []
    },
    {
      "id": "internal/agent-registry/010-role.md",
      "hash": "sha256-7de02b2820505372fbca3fda71739f7a79eab2fde10b97d8f2c69e3dbb2f1fa5",
      "bytes": 874,
      "tags": []
    },
    {
      "id": "internal/agent-registry/020-internal-coordination.md",
      "hash": "sha256-ef5ff96b848dfd3964061172f847fc75106d9a0f4924f1e7ebab09fc455da358",
      "bytes": 1038,
      "tags": []
    },
    {
      "id": "internal/conflict-detector/010-role.md",
      "hash": "sha256-49fd8b83973217be2106ef7d9bcfb87abdde8ae250d34121f2a7f2b1a32dedff",
      "bytes": 880,
      "tags": []
    },
    {
      "id": "internal/conflict-detector/020-internal-coordination.md",
      "hash": "sha256-ef5ff96b848dfd3964061172f847fc75106d9a0f4924f1e7ebab09fc455da358",
      "bytes": 1038,
      "tags": []
    },
    {
      "id": "internal/definition-architect/010-role.md",
      "hash": "sha256-8d57524f2fe3f27e3a430fa1df81e2ccb37a9ceb8fb7f57de215e1027f4bb867",
      "bytes": 882,
      "tags": []
    },
    {
      "id": "internal/definition-architect/020-internal-coordination.md",
      "hash": "sha256-ef5ff96b848dfd3964061172f847fc75106d9a0f4924f1e7ebab09fc455da358",
      "bytes": 1038,
      "tags": []
    },
    {
      "id": "internal/instruction-block-author/010-role.md",
      "hash": "sha256-cfb70091a59fee4315b3031e4da2023f57ea9ed7fd560a86b655c0ac8a9ce234",
      "bytes": 892,
      "tags": []
    },
    {
      "id": "internal/instruction-block-author/020-internal-coordination.md",
      "hash": "sha256-ef5ff96b848dfd3964061172f847fc75106d9a0f4924f1e7ebab09fc455da358",
      "bytes": 1038,
      "tags": []
    },
    {
      "id": "internal/instruction-refactoring/010-role.md",
      "hash": "sha256-68dd80093c10f5040d7a3a3633483822d01b600a55ed9e130108f14e927d7934",
      "bytes": 888,
      "tags": []
    },
    {
      "id": "internal/instruction-refactoring/020-internal-coordination.md",
      "hash": "sha256-ef5ff96b848dfd3964061172f847fc75106d9a0f4924f1e7ebab09fc455da358",
      "bytes": 1038,
      "tags": []
    },
    {
      "id": "internal/main-orchestrator/010-role.md",
      "hash": "sha256-98406647b46c19528514b7d320c363b76d3d6fe17b84a07ce838c91075f17c14",
      "bytes": 882,
      "tags": []
    },
    {
      "id": "internal/main-orchestrator/020-internal-coordination.md",
      "hash": "sha256-ef5ff96b848dfd3964061172f847fc75106d9a0f4924f1e7ebab09fc455da358",
      "bytes": 1038,
      "tags": []
    },
    {
      "id": "internal/prompt-compiler-guardian/010-role.md",
      "hash": "sha256-4b021d300e37d414a9bad87b7d6bcb64dd4ea671377b2f9ae14a1b3b9b59470e",
      "bytes": 877,
      "tags": []
    },
    {
      "id": "internal/prompt-compiler-guardian/020-internal-coordination.md",
      "hash": "sha256-ef5ff96b848dfd3964061172f847fc75106d9a0f4924f1e7ebab09fc455da358",
      "bytes": 1038,
      "tags": []
    },
    {
      "id": "release/changelog/010-role.md",
      "hash": "sha256-0c6681ff0e58b9977703372232217c59b2d1b1fc41584b4cf30ede015593cb40",
      "bytes": 869,
      "tags": []
    },
    {
      "id": "release/changelog/020-release-workflow.md",
      "hash": "sha256-79afdbe2a1c759b2911331ed6368fb6e036ee8ace667584f4b9af165c7eecaba",
      "bytes": 1144,
      "tags": []
    },
    {
      "id": "release/evidence-collector/010-role.md",
      "hash": "sha256-3cdbb9e5569672e1dbb38914ea7592be0a11432c9d7e34212daeab22a37c48ee",
      "bytes": 876,
      "tags": []
    },
    {
      "id": "release/evidence-collector/020-release-workflow.md",
      "hash": "sha256-79afdbe2a1c759b2911331ed6368fb6e036ee8ace667584f4b9af165c7eecaba",
      "bytes": 1144,
      "tags": []
    },
    {
      "id": "release/migration-guide/010-role.md",
      "hash": "sha256-088da712757b81f1f4b88ba871d021d7950e61971bfe6504a2a12bea8e8a07d5",
      "bytes": 880,
      "tags": []
    },
    {
      "id": "release/migration-guide/020-release-workflow.md",
      "hash": "sha256-79afdbe2a1c759b2911331ed6368fb6e036ee8ace667584f4b9af165c7eecaba",
      "bytes": 1144,
      "tags": []
    },
    {
      "id": "release/post-release-review/010-role.md",
      "hash": "sha256-37f8734ac7d27476501403502d881138ab296631da6c338c1dc00c7729c2621d",
      "bytes": 884,
      "tags": []
    },
    {
      "id": "release/post-release-review/020-release-workflow.md",
      "hash": "sha256-79afdbe2a1c759b2911331ed6368fb6e036ee8ace667584f4b9af165c7eecaba",
      "bytes": 1144,
      "tags": []
    },
    {
      "id": "release/release-manager/010-role.md",
      "hash": "sha256-df025cfb0ef415a2f013f588514e73cc7fbc3dfad4e1e0f3f72bfb68b38a366f",
      "bytes": 875,
      "tags": []
    },
    {
      "id": "release/release-manager/020-release-workflow.md",
      "hash": "sha256-79afdbe2a1c759b2911331ed6368fb6e036ee8ace667584f4b9af165c7eecaba",
      "bytes": 1144,
      "tags": []
    },
    {
      "id": "release/versioning/010-role.md",
      "hash": "sha256-d8d5fa24be6d356f7b53432a1ad7524636a55799b9b0d00c5494aa3f6ff9cf0a",
      "bytes": 876,
      "tags": []
    },
    {
      "id": "release/versioning/020-release-workflow.md",
      "hash": "sha256-79afdbe2a1c759b2911331ed6368fb6e036ee8ace667584f4b9af165c7eecaba",
      "bytes": 1144,
      "tags": []
    },
    {
      "id": "sdlc/adr-writer/010-role.md",
      "hash": "sha256-0ada8274c0fd1f26cf925cbeb91b50076c54a29f92dac1f39ea52c3fddb0d361",
      "bytes": 301,
      "tags": []
    },
    {
      "id": "sdlc/adr-writer/020-adrs.md",
      "hash": "sha256-ac515fb8fe43e8ab8220a90fed095492c326f108b5c1cf38da3704346cc9411b",
      "bytes": 596,
      "tags": []
    },
    {
      "id": "sdlc/ambiguity-detector/010-role.md",
      "hash": "sha256-a2ac829afc01f2912f2462b23382e1888e8ab43ae687d1206c507ed610d3555f",
      "bytes": 241,
      "tags": []
    },
    {
      "id": "sdlc/ambiguity-detector/020-patterns.md",
      "hash": "sha256-776ca169e741e804a9ceb4daa7904711c234060202a4b6aa5ee5ebb4945df8fa",
      "bytes": 577,
      "tags": []
    },
    {
      "id": "sdlc/architecture/010-role.md",
      "hash": "sha256-65b1943a4495df4906745896c944150dba02a1e5851da758e96bfa143b2bf7c9",
      "bytes": 227,
      "tags": []
    },
    {
      "id": "sdlc/architecture/020-review.md",
      "hash": "sha256-e42452baecc600c802a537b5c940564954ff00cf9da9a3f9e64e20f14d1623ea",
      "bytes": 398,
      "tags": []
    },
    {
      "id": "sdlc/code-review/010-role.md",
      "hash": "sha256-fd72ce0f92b63e366fdd6a36c73257ffee6199a150ee48dc303e56aa51faaf27",
      "bytes": 1634,
      "tags": []
    },
    {
      "id": "sdlc/code-review/020-review-guidelines.md",
      "hash": "sha256-a2d68f5358fc066f8a4c4bfa5d561c5bfd361b8027c5b69546838fe679c8e252",
      "bytes": 1858,
      "tags": []
    },
    {
      "id": "sdlc/developer-experience/010-role.md",
      "hash": "sha256-a8a186ab534af471f112993ccfe62b34fc7526f525f0f3f347ff47b1f7a5cdd9",
      "bytes": 887,
      "tags": []
    },
    {
      "id": "sdlc/developer-experience/020-sdlc-workflow.md",
      "hash": "sha256-3722f38a14c64237357ee887025601569c97d2b72718fee215e9a25d2ddc7668",
      "bytes": 1257,
      "tags": []
    },
    {
      "id": "sdlc/documentation/010-role.md",
      "hash": "sha256-4d51285dda6b998f69d5e011d7dad33a3d88b9c6c4671f6f225f685c753125ac",
      "bytes": 871,
      "tags": []
    },
    {
      "id": "sdlc/documentation/020-sdlc-workflow.md",
      "hash": "sha256-3722f38a14c64237357ee887025601569c97d2b72718fee215e9a25d2ddc7668",
      "bytes": 1257,
      "tags": []
    },
    {
      "id": "sdlc/implementation-planning/010-role.md",
      "hash": "sha256-a3c80bf5303c930399fe051a566b857874706049fc60d1f07a83138a9e8233c9",
      "bytes": 895,
      "tags": []
    },
    {
      "id": "sdlc/implementation-planning/020-sdlc-workflow.md",
      "hash": "sha256-3722f38a14c64237357ee887025601569c97d2b72718fee215e9a25d2ddc7668",
      "bytes": 1257,
      "tags": []
    },
    {
      "id": "sdlc/product-discovery/010-role.md",
      "hash": "sha256-8e3693aec706935bfebdbde37060027cd9c92e94f8199bfcc54cd16c2d702758",
      "bytes": 353,
      "tags": []
    },
    {
      "id": "sdlc/product-discovery/020-triage-workflow.md",
      "hash": "sha256-4fb81e40d20403da9ca0828275a2ffeda23a9a27f8f37f0b60ab7bdc983c8a2e",
      "bytes": 550,
      "tags": []
    },
    {
      "id": "sdlc/requirements-analyst/010-role.md",
      "hash": "sha256-5a43d85627ff32174f78dfc1f14e6432c14ba7058f3a90e7c3dcdfe746245b5d",
      "bytes": 268,
      "tags": []
    },
    {
      "id": "sdlc/requirements-analyst/020-validation.md",
      "hash": "sha256-960ab48778ef2d4a929c4db6f9ef211b781550011e453f06434bace5bcbed3ce",
      "bytes": 371,
      "tags": []
    },
    {
      "id": "sdlc/schema-design/010-role.md",
      "hash": "sha256-3176c91cf54b8d9131c6367ee12c5ed34794200d40cbaa03f0ac9d930558e2b6",
      "bytes": 247,
      "tags": []
    },
    {
      "id": "sdlc/schema-design/020-validation.md",
      "hash": "sha256-1d35d748aedf0cf372ebee7e3472d08e23e1de2dc3eee097fa01eb90fc441cd4",
      "bytes": 429,
      "tags": []
    },
    {
      "id": "stlc/compatibility-test/010-role.md",
      "hash": "sha256-fa14d8acdbdc6d0a3fba2c966d577d1dd7ccdb21d7a84c9abdadc4fb79f7583c",
      "bytes": 883,
      "tags": []
    },
    {
      "id": "stlc/compatibility-test/020-stlc-workflow.md",
      "hash": "sha256-99227d6c9562aa6e1955df094b7278373e9d6a04d761f705601f227710ae2899",
      "bytes": 1751,
      "tags": []
    },
    {
      "id": "stlc/defect-triage/010-role.md",
      "hash": "sha256-9fbca59819fe9fe4897bfd880577c8dde21324c769105d4fe8a09671467ee8dc",
      "bytes": 872,
      "tags": []
    },
    {
      "id": "stlc/defect-triage/020-stlc-workflow.md",
      "hash": "sha256-99227d6c9562aa6e1955df094b7278373e9d6a04d761f705601f227710ae2899",
      "bytes": 1751,
      "tags": []
    },
    {
      "id": "stlc/eval-designer/010-role.md",
      "hash": "sha256-ce43fb739aabbd38673287ed8135efc242c019888af00dfea8478b74ae1272f5",
      "bytes": 1467,
      "tags": []
    },
    {
      "id": "stlc/eval-designer/020-eval-workflow.md",
      "hash": "sha256-ed45dae3f0100c7219c3885eeaff548951a3f2eb427618164f9fa93ad1fa7440",
      "bytes": 3901,
      "tags": []
    },
    {
      "id": "stlc/golden-file-test/010-role.md",
      "hash": "sha256-4852967f028fad7ea40664e375fce9c6ee9807ab52044519874573d0296a647d",
      "bytes": 261,
      "tags": []
    },
    {
      "id": "stlc/golden-file-test/020-workflow.md",
      "hash": "sha256-9f919c6e3ff48605df4580262c149472607b74b0c2a9446551dcb19acbdf10e6",
      "bytes": 523,
      "tags": []
    },
    {
      "id": "stlc/performance-test/010-role.md",
      "hash": "sha256-fc2ed55ce3707fc4d2b3fa0787cfcc516bb69fabf3aca79358bc5c80892cead9",
      "bytes": 876,
      "tags": []
    },
    {
      "id": "stlc/performance-test/020-stlc-workflow.md",
      "hash": "sha256-99227d6c9562aa6e1955df094b7278373e9d6a04d761f705601f227710ae2899",
      "bytes": 1751,
      "tags": []
    },
    {
      "id": "stlc/qa-strategy/010-role.md",
      "hash": "sha256-174efe7c0c478f3878f0a5b071754b234ae74dce3595b471ae11e781aa59c9ec",
      "bytes": 864,
      "tags": []
    },
    {
      "id": "stlc/qa-strategy/020-stlc-workflow.md",
      "hash": "sha256-99227d6c9562aa6e1955df094b7278373e9d6a04d761f705601f227710ae2899",
      "bytes": 1751,
      "tags": []
    },
    {
      "id": "stlc/regression-scope/010-role.md",
      "hash": "sha256-6651a528cb3f9409702e207641866913f6a11c7b09907f055a8169e9f0589d26",
      "bytes": 877,
      "tags": []
    },
    {
      "id": "stlc/regression-scope/020-stlc-workflow.md",
      "hash": "sha256-99227d6c9562aa6e1955df094b7278373e9d6a04d761f705601f227710ae2899",
      "bytes": 1751,
      "tags": []
    },
    {
      "id": "stlc/semantic-regression/010-role.md",
      "hash": "sha256-2483a167aae471c5c3411268814f4eb3064de3c22a9293296ab3f51bfe7fe243",
      "bytes": 282,
      "tags": []
    },
    {
      "id": "stlc/semantic-regression/020-detection.md",
      "hash": "sha256-07fee07bd163c46ddc5e43d85523d1b086f205ee44f79c8f2078c9bc5720a172",
      "bytes": 562,
      "tags": []
    },
    {
      "id": "stlc/test-automation/010-role.md",
      "hash": "sha256-b940b9d61bbc13f87d97b966dfa1b3ccba6a4164a7f05b66fb3f612911e69755",
      "bytes": 880,
      "tags": []
    },
    {
      "id": "stlc/test-automation/020-stlc-workflow.md",
      "hash": "sha256-99227d6c9562aa6e1955df094b7278373e9d6a04d761f705601f227710ae2899",
      "bytes": 1751,
      "tags": []
    },
    {
      "id": "stlc/test-design/010-role.md",
      "hash": "sha256-93e57dbe4716fb7575acd14672249429882d27109fa34db44effc95645c379d8",
      "bytes": 867,
      "tags": []
    },
    {
      "id": "stlc/test-design/020-stlc-workflow.md",
      "hash": "sha256-99227d6c9562aa6e1955df094b7278373e9d6a04d761f705601f227710ae2899",
      "bytes": 1751,
      "tags": []
    }
  ],
  "targets": []
}
