{
  "lockfileVersion": 1,
  "formatVersion": "1",
  "agents": [],
  "fragments": [
    {
      "id": "_shared/010-tone.md",
      "hash": "sha256-2e3e3feb01a57f67a2bef2d795cb3719b1360292a78890933a2dd5ac4e8c58c2",
      "bytes": 24,
      "tags": []
    },
    {
      "id": "backend/010-role.md",
      "hash": "sha256-f02d85e11b55c47fcbc686a83f507e04d153e3b844d3faa4838a20c0c514c253",
      "bytes": 48,
      "tags": []
    },
    {
      "id": "frontend/010-role.md",
      "hash": "sha256-ef1758dc4942fa0e4ac5396adac67dffae4c543bf0545c8c83a40a38c71e8af4",
      "bytes": 49,
      "tags": []
    }
  ],
  "targets": [
    {
      "output": "AGENTS.md",
      "format": "markdown",
      "fragments": [
        "_shared/010-tone.md",
        "frontend/010-role.md"
      ],
      "version": "sha256-9a392211cec7d15a20a7f665b0fd4db2f6ec05e966e76834c8f269762e6bb78b"
    },
    {
      "output": "CLAUDE.md",
      "format": "markdown",
      "fragments": [
        "_shared/010-tone.md",
        "backend/010-role.md"
      ],
      "version": "sha256-6fa88b6dfe16df9c9851aeb721417396e03b0aa723d6743bc69b688e53dfc2cd"
    }
  ]
}
